
Microsoft Visual Studio Solution File, Format Version 12.00
# Visual Studio 15
VisualStudioVersion = 15.0.28010.2003
MinimumVisualStudioVersion = 10.0.40219.1
Project("{FAE04EC0-301F-11D3-BF4B-00C04F79EFBC}") = "NRoom.Android", "NRoom\NRoom.Android\NRoom.Android.csproj", "{9D7AEC28-7C4E-4169-999A-A1C1D7FBDFB4}"
EndProject
Project("{9A19103F-16F7-4668-BE54-9A1E7A4F7556}") = "NRoom", "NRoom\NRoom\NRoom.csproj", "{E518A02C-2EB0-461E-81EF-5D044561119D}"
EndProject
Project("{FAE04EC0-301F-11D3-BF4B-00C04F79EFBC}") = "NaverMapBinding", "NaverMapBinding\NaverMapBinding.csproj", "{198A2969-3082-46FD-A806-89323BB6253A}"
EndProject
Global
	GlobalSection(SolutionConfigurationPlatforms) = preSolution
		Ad-Hoc|Any CPU = Ad-Hoc|Any CPU
		Ad-Hoc|iPhone = Ad-Hoc|iPhone
		Ad-Hoc|iPhoneSimulator = Ad-Hoc|iPhoneSimulator
		AppStore|Any CPU = AppStore|Any CPU
		AppStore|iPhone = AppStore|iPhone
		AppStore|iPhoneSimulator = AppStore|iPhoneSimulator
		Debug|Any CPU = Debug|Any CPU
		Debug|iPhone = Debug|iPhone
		Debug|iPhoneSimulator = Debug|iPhoneSimulator
		Release|Any CPU = Release|Any CPU
		Release|iPhone = Release|iPhone
		Release|iPhoneSimulator = Release|iPhoneSimulator
	EndGlobalSection
	GlobalSection(ProjectConfigurationPlatforms) = postSolution
		{9D7AEC28-7C4E-4169-999A-A1C1D7FBDFB4}.Ad-Hoc|Any CPU.ActiveCfg = Release|Any CPU
		{9D7AEC28-7C4E-4169-999A-A1C1D7FBDFB4}.Ad-Hoc|Any CPU.Build.0 = Release|Any CPU
		{9D7AEC28-7C4E-4169-999A-A1C1D7FBDFB4}.Ad-Hoc|Any CPU.Deploy.0 = Release|Any CPU
		{9D7AEC28-7C4E-4169-999A-A1C1D7FBDFB4}.Ad-Hoc|iPhone.ActiveCfg = Release|Any CPU
		{9D7AEC28-7C4E-4169-999A-A1C1D7FBDFB4}.Ad-Hoc|iPhone.Build.0 = Release|Any CPU
		{9D7AEC28-7C4E-4169-999A-A1C1D7FBDFB4}.Ad-Hoc|iPhone.Deploy.0 = Release|Any CPU
		{9D7AEC28-7C4E-4169-999A-A1C1D7FBDFB4}.Ad-Hoc|iPhoneSimulator.ActiveCfg = Release|Any CPU
		{9D7AEC28-7C4E-4169-999A-A1C1D7FBDFB4}.Ad-Hoc|iPhoneSimulator.Build.0 = Release|Any CPU
		{9D7AEC28-7C4E-4169-999A-A1C1D7FBDFB4}.Ad-Hoc|iPhoneSimulator.Deploy.0 = Release|Any CPU
		{9D7AEC28-7C4E-4169-999A-A1C1D7FBDFB4}.AppStore|Any CPU.ActiveCfg = Release|Any CPU
		{9D7AEC28-7C4E-4169-999A-A1C1D7FBDFB4}.AppStore|Any CPU.Build.0 = Release|Any CPU
		{9D7AEC28-7C4E-4169-999A-A1C1D7FBDFB4}.AppStore|Any CPU.Deploy.0 = Release|Any CPU
		{9D7AEC28-7C4E-4169-999A-A1C1D7FBDFB4}.AppStore|iPhone.ActiveCfg = Release|Any CPU
		{9D7AEC28-7C4E-4169-999A-A1C1D7FBDFB4}.AppStore|iPhone.Build.0 = Release|Any CPU
		{9D7AEC28-7C4E-4169-999A-A1C1D7FBDFB4}.AppStore|iPhone.Deploy.0 = Release|Any CPU
		{9D7AEC28-7C4E-4169-999A-A1C1D7FBDFB4}.AppStore|iPhoneSimulator.ActiveCfg = Release|Any CPU
		{9D7AEC28-7C4E-4169-999A-A1C1D7FBDFB4}.AppStore|iPhoneSimulator.Build.0 = Release|Any CPU
		{9D7AEC28-7C4E-4169-999A-A1C1D7FBDFB4}.AppStore|iPhoneSimulator.Deploy.0 = Release|Any CPU
		{9D7AEC28-7C4E-4169-999A-A1C1D7FBDFB4}.Debug|Any CPU.ActiveCfg = Debug|Any CPU
		{9D7AEC28-7C4E-4169-999A-A1C1D7FBDFB4}.Debug|Any CPU.Build.0 = Debug|Any CPU
		{9D7AEC28-7C4E-4169-999A-A1C1D7FBDFB4}.Debug|Any CPU.Deploy.0 = Debug|Any CPU
		{9D7AEC28-7C4E-4169-999A-A1C1D7FBDFB4}.Debug|iPhone.ActiveCfg = Debug|Any CPU
		{9D7AEC28-7C4E-4169-999A-A1C1D7FBDFB4}.Debug|iPhone.Build.0 = Debug|Any CPU
		{9D7AEC28-7C4E-4169-999A-A1C1D7FBDFB4}.Debug|iPhone.Deploy.0 = Debug|Any CPU
		{9D7AEC28-7C4E-4169-999A-A1C1D7FBDFB4}.Debug|iPhoneSimulator.ActiveCfg = Debug|Any CPU
		{9D7AEC28-7C4E-4169-999A-A1C1D7FBDFB4}.Debug|iPhoneSimulator.Build.0 = Debug|Any CPU
		{9D7AEC28-7C4E-4169-999A-A1C1D7FBDFB4}.Debug|iPhoneSimulator.Deploy.0 = Debug|Any CPU
		{9D7AEC28-7C4E-4169-999A-A1C1D7FBDFB4}.Release|Any CPU.ActiveCfg = Release|Any CPU
		{9D7AEC28-7C4E-4169-999A-A1C1D7FBDFB4}.Release|Any CPU.Build.0 = Release|Any CPU
		{9D7AEC28-7C4E-4169-999A-A1C1D7FBDFB4}.Release|Any CPU.Deploy.0 = Release|Any CPU
		{9D7AEC28-7C4E-4169-999A-A1C1D7FBDFB4}.Release|iPhone.ActiveCfg = Release|Any CPU
		{9D7AEC28-7C4E-4169-999A-A1C1D7FBDFB4}.Release|iPhone.Build.0 = Release|Any CPU
		{9D7AEC28-7C4E-4169-999A-A1C1D7FBDFB4}.Release|iPhone.Deploy.0 = Release|Any CPU
		{9D7AEC28-7C4E-4169-999A-A1C1D7FBDFB4}.Release|iPhoneSimulator.ActiveCfg = Release|Any CPU
		{9D7AEC28-7C4E-4169-999A-A1C1D7FBDFB4}.Release|iPhoneSimulator.Build.0 = Release|Any CPU
		{9D7AEC28-7C4E-4169-999A-A1C1D7FBDFB4}.Release|iPhoneSimulator.Deploy.0 = Release|Any CPU
		{E518A02C-2EB0-461E-81EF-5D044561119D}.Ad-Hoc|Any CPU.ActiveCfg = Release|Any CPU
		{E518A02C-2EB0-461E-81EF-5D044561119D}.Ad-Hoc|Any CPU.Build.0 = Release|Any CPU
		{E518A02C-2EB0-461E-81EF-5D044561119D}.Ad-Hoc|iPhone.ActiveCfg = Release|Any CPU
		{E518A02C-2EB0-461E-81EF-5D044561119D}.Ad-Hoc|iPhone.Build.0 = Release|Any CPU
		{E518A02C-2EB0-461E-81EF-5D044561119D}.Ad-Hoc|iPhoneSimulator.ActiveCfg = Release|Any CPU
		{E518A02C-2EB0-461E-81EF-5D044561119D}.Ad-Hoc|iPhoneSimulator.Build.0 = Release|Any CPU
		{E518A02C-2EB0-461E-81EF-5D044561119D}.AppStore|Any CPU.ActiveCfg = Release|Any CPU
		{E518A02C-2EB0-461E-81EF-5D044561119D}.AppStore|Any CPU.Build.0 = Release|Any CPU
		{E518A02C-2EB0-461E-81EF-5D044561119D}.AppStore|iPhone.ActiveCfg = Release|Any CPU
		{E518A02C-2EB0-461E-81EF-5D044561119D}.AppStore|iPhone.Build.0 = Release|Any CPU
		{E518A02C-2EB0-461E-81EF-5D044561119D}.AppStore|iPhoneSimulator.ActiveCfg = Release|Any CPU
		{E518A02C-2EB0-461E-81EF-5D044561119D}.AppStore|iPhoneSimulator.Build.0 = Release|Any CPU
		{E518A02C-2EB0-461E-81EF-5D044561119D}.Debug|Any CPU.ActiveCfg = Debug|Any CPU
		{E518A02C-2EB0-461E-81EF-5D044561119D}.Debug|Any CPU.Build.0 = Debug|Any CPU
		{E518A02C-2EB0-461E-81EF-5D044561119D}.Debug|Any CPU.Deploy.0 = Debug|Any CPU
		{E518A02C-2EB0-461E-81EF-5D044561119D}.Debug|iPhone.ActiveCfg = Debug|Any CPU
		{E518A02C-2EB0-461E-81EF-5D044561119D}.Debug|iPhone.Build.0 = Debug|Any CPU
		{E518A02C-2EB0-461E-81EF-5D044561119D}.Debug|iPhoneSimulator.ActiveCfg = Debug|Any CPU
		{E518A02C-2EB0-461E-81EF-5D044561119D}.Debug|iPhoneSimulator.Build.0 = Debug|Any CPU
		{E518A02C-2EB0-461E-81EF-5D044561119D}.Release|Any CPU.ActiveCfg = Release|Any CPU
		{E518A02C-2EB0-461E-81EF-5D044561119D}.Release|Any CPU.Build.0 = Release|Any CPU
		{E518A02C-2EB0-461E-81EF-5D044561119D}.Release|Any CPU.Deploy.0 = Release|Any CPU
		{E518A02C-2EB0-461E-81EF-5D044561119D}.Release|iPhone.ActiveCfg = Release|Any CPU
		{E518A02C-2EB0-461E-81EF-5D044561119D}.Release|iPhone.Build.0 = Release|Any CPU
		{E518A02C-2EB0-461E-81EF-5D044561119D}.Release|iPhoneSimulator.ActiveCfg = Release|Any CPU
		{E518A02C-2EB0-461E-81EF-5D044561119D}.Release|iPhoneSimulator.Build.0 = Release|Any CPU
		{198A2969-3082-46FD-A806-89323BB6253A}.Ad-Hoc|Any CPU.ActiveCfg = Release|Any CPU
		{198A2969-3082-46FD-A806-89323BB6253A}.Ad-Hoc|Any CPU.Build.0 = Release|Any CPU
		{198A2969-3082-46FD-A806-89323BB6253A}.Ad-Hoc|iPhone.ActiveCfg = Release|Any CPU
		{198A2969-3082-46FD-A806-89323BB6253A}.Ad-Hoc|iPhone.Build.0 = Release|Any CPU
		{198A2969-3082-46FD-A806-89323BB6253A}.Ad-Hoc|iPhoneSimulator.ActiveCfg = Release|Any CPU
		{198A2969-3082-46FD-A806-89323BB6253A}.Ad-Hoc|iPhoneSimulator.Build.0 = Release|Any CPU
		{198A2969-3082-46FD-A806-89323BB6253A}.AppStore|Any CPU.ActiveCfg = Release|Any CPU
		{198A2969-3082-46FD-A806-89323BB6253A}.AppStore|Any CPU.Build.0 = Release|Any CPU
		{198A2969-3082-46FD-A806-89323BB6253A}.AppStore|iPhone.ActiveCfg = Release|Any CPU
		{198A2969-3082-46FD-A806-89323BB6253A}.AppStore|iPhone.Build.0 = Release|Any CPU
		{198A2969-3082-46FD-A806-89323BB6253A}.AppStore|iPhoneSimulator.ActiveCfg = Release|Any CPU
		{198A2969-3082-46FD-A806-89323BB6253A}.AppStore|iPhoneSimulator.Build.0 = Release|Any CPU
		{198A2969-3082-46FD-A806-89323BB6253A}.Debug|Any CPU.ActiveCfg = Debug|Any CPU
		{198A2969-3082-46FD-A806-89323BB6253A}.Debug|Any CPU.Build.0 = Debug|Any CPU
		{198A2969-3082-46FD-A806-89323BB6253A}.Debug|iPhone.ActiveCfg = Debug|Any CPU
		{198A2969-3082-46FD-A806-89323BB6253A}.Debug|iPhone.Build.0 = Debug|Any CPU
		{198A2969-3082-46FD-A806-89323BB6253A}.Debug|iPhoneSimulator.ActiveCfg = Debug|Any CPU
		{198A2969-3082-46FD-A806-89323BB6253A}.Debug|iPhoneSimulator.Build.0 = Debug|Any CPU
		{198A2969-3082-46FD-A806-89323BB6253A}.Release|Any CPU.ActiveCfg = Release|Any CPU
		{198A2969-3082-46FD-A806-89323BB6253A}.Release|Any CPU.Build.0 = Release|Any CPU
		{198A2969-3082-46FD-A806-89323BB6253A}.Release|iPhone.ActiveCfg = Release|Any CPU
		{198A2969-3082-46FD-A806-89323BB6253A}.Release|iPhone.Build.0 = Release|Any CPU
		{198A2969-3082-46FD-A806-89323BB6253A}.Release|iPhoneSimulator.ActiveCfg = Release|Any CPU
		{198A2969-3082-46FD-A806-89323BB6253A}.Release|iPhoneSimulator.Build.0 = Release|Any CPU
	EndGlobalSection
	GlobalSection(SolutionProperties) = preSolution
		HideSolutionNode = FALSE
	EndGlobalSection
	GlobalSection(ExtensibilityGlobals) = postSolution
		SolutionGuid = {4B71A3C7-7D73-42D6-ACFE-391509FDC0EC}
	EndGlobalSection
EndGlobal
